
Microsoft Visual Studio Solution File, Format Version 12.00
# Visual Studio 15
VisualStudioVersion = 15.0.28307.489
MinimumVisualStudioVersion = 10.0.40219.1
Project("{9A19103F-16F7-4668-BE54-9A1E7A4F7556}") = "JWTWebApi", "JWTWebApi\JWTWebApi.csproj", "{110BACD0-3D20-4620-911B-20DBE6F94B1C}"
EndProject
Global
	GlobalSection(SolutionConfigurationPlatforms) = preSolution
		Debug|Any CPU = Debug|Any CPU
		Release|Any CPU = Release|Any CPU
	EndGlobalSection
	GlobalSection(ProjectConfigurationPlatforms) = postSolution
		{110BACD0-3D20-4620-911B-20DBE6F94B1C}.Debug|Any CPU.ActiveCfg = Debug|Any CPU
		{110BACD0-3D20-4620-911B-20DBE6F94B1C}.Debug|Any CPU.Build.0 = Debug|Any CPU
		{110BACD0-3D20-4620-911B-20DBE6F94B1C}.Release|Any CPU.ActiveCfg = Release|Any CPU
		{110BACD0-3D20-4620-911B-20DBE6F94B1C}.Release|Any CPU.Build.0 = Release|Any CPU
	EndGlobalSection
	GlobalSection(SolutionProperties) = preSolution
		HideSolutionNode = FALSE
	EndGlobalSection
	GlobalSection(ExtensibilityGlobals) = postSolution
		SolutionGuid = {F93598C4-0AEE-45F6-BF36-A9D9E4E1CFE8}
	EndGlobalSection
EndGlobal
